
Microsoft Visual Studio Solution File, Format Version 9.00
# Visual C++ Express 2005
Project("{8BC9CEB8-8B4A-11D0-8D11-00A0C91BC942}") = "noborder_vc2005", "noborder_vc2005.vcproj", "{ADC5F746-A91D-4C06-AD98-C8096482A249}"
EndProject
Global
	GlobalSection(SolutionConfigurationPlatforms) = preSolution
		Debug|Win32 = Debug|Win32
		Release|Win32 = Release|Win32
	EndGlobalSection
	GlobalSection(ProjectConfigurationPlatforms) = postSolution
		{ADC5F746-A91D-4C06-AD98-C8096482A249}.Debug|Win32.ActiveCfg = Debug|Win32
		{ADC5F746-A91D-4C06-AD98-C8096482A249}.Debug|Win32.Build.0 = Debug|Win32
		{ADC5F746-A91D-4C06-AD98-C8096482A249}.Release|Win32.ActiveCfg = Release|Win32
		{ADC5F746-A91D-4C06-AD98-C8096482A249}.Release|Win32.Build.0 = Release|Win32
	EndGlobalSection
	GlobalSection(SolutionProperties) = preSolution
		HideSolutionNode = FALSE
	EndGlobalSection
EndGlobal
